// !$*UTF8*$!
{
	archiveVersion = 1;
	classes = {
	};
	objectVersion = 46;
	objects = {

/* Begin PBXBuildFile section */
		B8451D6C1D3CA70D0059578F /* main.m in Sources */ = {isa = PBXBuildFile; fileRef = B8451D6B1D3CA70D0059578F /* main.m */; };
		B8451D6F1D3CA70D0059578F /* AppDelegate.m in Sources */ = {isa = PBXBuildFile; fileRef = B8451D6E1D3CA70D0059578F /* AppDelegate.m */; };
		B8451D771D3CA70D0059578F /* Assets.xcassets in Resources */ = {isa = PBXBuildFile; fileRef = B8451D761D3CA70D0059578F /* Assets.xcassets */; };
		B8451D841D3CB0C40059578F /* RootViewController.m in Sources */ = {isa = PBXBuildFile; fileRef = B8451D821D3CB0C40059578F /* RootViewController.m */; };
		B8451D851D3CB0C40059578F /* RootViewController.xib in Resources */ = {isa = PBXBuildFile; fileRef = B8451D831D3CB0C40059578F /* RootViewController.xib */; };
		B8FF7CAF1D3DB4F300E609EA /* DMFormDesigner.m in Sources */ = {isa = PBXBuildFile; fileRef = B8FF7CAE1D3DB4F300E609EA /* DMFormDesigner.m */; };
		B8FF7CB21D3DB4FE00E609EA /* DMFormExhibitor.m in Sources */ = {isa = PBXBuildFile; fileRef = B8FF7CB11D3DB4FE00E609EA /* DMFormExhibitor.m */; };
		B8FF7CB51D3DB50E00E609EA /* DMFormEditor.m in Sources */ = {isa = PBXBuildFile; fileRef = B8FF7CB41D3DB50E00E609EA /* DMFormEditor.m */; };
		B8FF7CB81D3DB52400E609EA /* DMDataManager.m in Sources */ = {isa = PBXBuildFile; fileRef = B8FF7CB71D3DB52400E609EA /* DMDataManager.m */; };
		B8FF7CBC1D3DB55F00E609EA /* DMColorPicker.m in Sources */ = {isa = PBXBuildFile; fileRef = B8FF7CBB1D3DB55F00E609EA /* DMColorPicker.m */; };
		B8FF7CCA1D3DB7B400E609EA /* DMBaseView.m in Sources */ = {isa = PBXBuildFile; fileRef = B8FF7CC91D3DB7B400E609EA /* DMBaseView.m */; };
		B8FF7CCD1D3DB7C100E609EA /* DMDatePicker.m in Sources */ = {isa = PBXBuildFile; fileRef = B8FF7CCC1D3DB7C100E609EA /* DMDatePicker.m */; };
		B8FF7CD01D3DB7CD00E609EA /* DMSlider.m in Sources */ = {isa = PBXBuildFile; fileRef = B8FF7CCF1D3DB7CD00E609EA /* DMSlider.m */; };
		B8FF7CD31D3DB7D500E609EA /* DMButton.m in Sources */ = {isa = PBXBuildFile; fileRef = B8FF7CD21D3DB7D500E609EA /* DMButton.m */; };
		B8FF7CD61D3DB7E000E609EA /* DMForm.m in Sources */ = {isa = PBXBuildFile; fileRef = B8FF7CD51D3DB7E000E609EA /* DMForm.m */; };
		B8FF7CD91D3DB7E900E609EA /* DMImageView.m in Sources */ = {isa = PBXBuildFile; fileRef = B8FF7CD81D3DB7E900E609EA /* DMImageView.m */; };
		B8FF7CDC1D3DB81400E609EA /* DMLabel.m in Sources */ = {isa = PBXBuildFile; fileRef = B8FF7CDB1D3DB81400E609EA /* DMLabel.m */; };
		B8FF7CDF1D3DB81B00E609EA /* DMSwitch.m in Sources */ = {isa = PBXBuildFile; fileRef = B8FF7CDE1D3DB81B00E609EA /* DMSwitch.m */; };
		B8FF7CE21D3DB82200E609EA /* DMTextField.m in Sources */ = {isa = PBXBuildFile; fileRef = B8FF7CE11D3DB82200E609EA /* DMTextField.m */; };
		B8FF7CE51D3DB82A00E609EA /* DMTextView.m in Sources */ = {isa = PBXBuildFile; fileRef = B8FF7CE41D3DB82A00E609EA /* DMTextView.m */; };
		B8FF7CE91D3DB85000E609EA /* DMValidate.m in Sources */ = {isa = PBXBuildFile; fileRef = B8FF7CE81D3DB85000E609EA /* DMValidate.m */; };
		B8FF7CEC1D3DBBA300E609EA /* BaseViewController.m in Sources */ = {isa = PBXBuildFile; fileRef = B8FF7CEB1D3DBBA300E609EA /* BaseViewController.m */; };
		B8FF7CF01D3DBBBC00E609EA /* DesignerViewController.m in Sources */ = {isa = PBXBuildFile; fileRef = B8FF7CEE1D3DBBBC00E609EA /* DesignerViewController.m */; };
		B8FF7CF11D3DBBBC00E609EA /* DesignerViewController.xib in Resources */ = {isa = PBXBuildFile; fileRef = B8FF7CEF1D3DBBBC00E609EA /* DesignerViewController.xib */; };
		B8FF7CF51D3DBBD500E609EA /* ExhibitorViewController.m in Sources */ = {isa = PBXBuildFile; fileRef = B8FF7CF31D3DBBD500E609EA /* ExhibitorViewController.m */; };
		B8FF7CF61D3DBBD500E609EA /* ExhibitorViewController.xib in Resources */ = {isa = PBXBuildFile; fileRef = B8FF7CF41D3DBBD500E609EA /* ExhibitorViewController.xib */; };
		B8FF7CFA1D3DBBE400E609EA /* EditorViewController.m in Sources */ = {isa = PBXBuildFile; fileRef = B8FF7CF81D3DBBE400E609EA /* EditorViewController.m */; };
		B8FF7CFB1D3DBBE400E609EA /* EditorViewController.xib in Resources */ = {isa = PBXBuildFile; fileRef = B8FF7CF91D3DBBE400E609EA /* EditorViewController.xib */; };
		B8FF7CFE1D3DBC5F00E609EA /* respone.json in Resources */ = {isa = PBXBuildFile; fileRef = B8FF7CFD1D3DBC5F00E609EA /* respone.json */; };
		B8FFEE641D3CDFC900CD6B53 /* LaunchScreen.storyboard in Resources */ = {isa = PBXBuildFile; fileRef = B8FFEE631D3CDFC900CD6B53 /* LaunchScreen.storyboard */; };
/* End PBXBuildFile section */

/* Begin PBXFileReference section */
		B8451D671D3CA70D0059578F /* DynamicForm.app */ = {isa = PBXFileReference; explicitFileType = wrapper.application; includeInIndex = 0; path = DynamicForm.app; sourceTree = BUILT_PRODUCTS_DIR; };
		B8451D6B1D3CA70D0059578F /* main.m */ = {isa = PBXFileReference; lastKnownFileType = sourcecode.c.objc; path = main.m; sourceTree = "<group>"; };
		B8451D6D1D3CA70D0059578F /* AppDelegate.h */ = {isa = PBXFileReference; lastKnownFileType = sourcecode.c.h; path = AppDelegate.h; sourceTree = "<group>"; };
		B8451D6E1D3CA70D0059578F /* AppDelegate.m */ = {isa = PBXFileReference; lastKnownFileType = sourcecode.c.objc; path = AppDelegate.m; sourceTree = "<group>"; };
		B8451D761D3CA70D0059578F /* Assets.xcassets */ = {isa = PBXFileReference; lastKnownFileType = folder.assetcatalog; path = Assets.xcassets; sourceTree = "<group>"; };
		B8451D7B1D3CA70D0059578F /* Info.plist */ = {isa = PBXFileReference; lastKnownFileType = text.plist.xml; path = Info.plist; sourceTree = "<group>"; };
		B8451D811D3CB0C40059578F /* RootViewController.h */ = {isa = PBXFileReference; fileEncoding = 4; lastKnownFileType = sourcecode.c.h; path = RootViewController.h; sourceTree = "<group>"; };
		B8451D821D3CB0C40059578F /* RootViewController.m */ = {isa = PBXFileReference; fileEncoding = 4; lastKnownFileType = sourcecode.c.objc; path = RootViewController.m; sourceTree = "<group>"; };
		B8451D831D3CB0C40059578F /* RootViewController.xib */ = {isa = PBXFileReference; fileEncoding = 4; lastKnownFileType = file.xib; path = RootViewController.xib; sourceTree = "<group>"; };
		B8FF7CAD1D3DB4F300E609EA /* DMFormDesigner.h */ = {isa = PBXFileReference; fileEncoding = 4; lastKnownFileType = sourcecode.c.h; path = DMFormDesigner.h; sourceTree = "<group>"; };
		B8FF7CAE1D3DB4F300E609EA /* DMFormDesigner.m */ = {isa = PBXFileReference; fileEncoding = 4; lastKnownFileType = sourcecode.c.objc; path = DMFormDesigner.m; sourceTree = "<group>"; };
		B8FF7CB01D3DB4FE00E609EA /* DMFormExhibitor.h */ = {isa = PBXFileReference; fileEncoding = 4; lastKnownFileType = sourcecode.c.h; path = DMFormExhibitor.h; sourceTree = "<group>"; };
		B8FF7CB11D3DB4FE00E609EA /* DMFormExhibitor.m */ = {isa = PBXFileReference; fileEncoding = 4; lastKnownFileType = sourcecode.c.objc; path = DMFormExhibitor.m; sourceTree = "<group>"; };
		B8FF7CB31D3DB50E00E609EA /* DMFormEditor.h */ = {isa = PBXFileReference; fileEncoding = 4; lastKnownFileType = sourcecode.c.h; path = DMFormEditor.h; sourceTree = "<group>"; };
		B8FF7CB41D3DB50E00E609EA /* DMFormEditor.m */ = {isa = PBXFileReference; fileEncoding = 4; lastKnownFileType = sourcecode.c.objc; path = DMFormEditor.m; sourceTree = "<group>"; };
		B8FF7CB61D3DB52400E609EA /* DMDataManager.h */ = {isa = PBXFileReference; fileEncoding = 4; lastKnownFileType = sourcecode.c.h; path = DMDataManager.h; sourceTree = "<group>"; };
		B8FF7CB71D3DB52400E609EA /* DMDataManager.m */ = {isa = PBXFileReference; fileEncoding = 4; lastKnownFileType = sourcecode.c.objc; path = DMDataManager.m; sourceTree = "<group>"; };
		B8FF7CBA1D3DB55F00E609EA /* DMColorPicker.h */ = {isa = PBXFileReference; fileEncoding = 4; lastKnownFileType = sourcecode.c.h; path = DMColorPicker.h; sourceTree = "<group>"; };
		B8FF7CBB1D3DB55F00E609EA /* DMColorPicker.m */ = {isa = PBXFileReference; fileEncoding = 4; lastKnownFileType = sourcecode.c.objc; path = DMColorPicker.m; sourceTree = "<group>"; };
		B8FF7CC81D3DB7B400E609EA /* DMBaseView.h */ = {isa = PBXFileReference; fileEncoding = 4; lastKnownFileType = sourcecode.c.h; path = DMBaseView.h; sourceTree = "<group>"; };
		B8FF7CC91D3DB7B400E609EA /* DMBaseView.m */ = {isa = PBXFileReference; fileEncoding = 4; lastKnownFileType = sourcecode.c.objc; path = DMBaseView.m; sourceTree = "<group>"; };
		B8FF7CCB1D3DB7C100E609EA /* DMDatePicker.h */ = {isa = PBXFileReference; fileEncoding = 4; lastKnownFileType = sourcecode.c.h; path = DMDatePicker.h; sourceTree = "<group>"; };
		B8FF7CCC1D3DB7C100E609EA /* DMDatePicker.m */ = {isa = PBXFileReference; fileEncoding = 4; lastKnownFileType = sourcecode.c.objc; path = DMDatePicker.m; sourceTree = "<group>"; };
		B8FF7CCE1D3DB7CD00E609EA /* DMSlider.h */ = {isa = PBXFileReference; fileEncoding = 4; lastKnownFileType = sourcecode.c.h; path = DMSlider.h; sourceTree = "<group>"; };
		B8FF7CCF1D3DB7CD00E609EA /* DMSlider.m */ = {isa = PBXFileReference; fileEncoding = 4; lastKnownFileType = sourcecode.c.objc; path = DMSlider.m; sourceTree = "<group>"; };
		B8FF7CD11D3DB7D500E609EA /* DMButton.h */ = {isa = PBXFileReference; fileEncoding = 4; lastKnownFileType = sourcecode.c.h; path = DMButton.h; sourceTree = "<group>"; };
		B8FF7CD21D3DB7D500E609EA /* DMButton.m */ = {isa = PBXFileReference; fileEncoding = 4; lastKnownFileType = sourcecode.c.objc; path = DMButton.m; sourceTree = "<group>"; };
		B8FF7CD41D3DB7E000E609EA /* DMForm.h */ = {isa = PBXFileReference; fileEncoding = 4; lastKnownFileType = sourcecode.c.h; path = DMForm.h; sourceTree = "<group>"; };
		B8FF7CD51D3DB7E000E609EA /* DMForm.m */ = {isa = PBXFileReference; fileEncoding = 4; lastKnownFileType = sourcecode.c.objc; path = DMForm.m; sourceTree = "<group>"; };
		B8FF7CD71D3DB7E900E609EA /* DMImageView.h */ = {isa = PBXFileReference; fileEncoding = 4; lastKnownFileType = sourcecode.c.h; path = DMImageView.h; sourceTree = "<group>"; };
		B8FF7CD81D3DB7E900E609EA /* DMImageView.m */ = {isa = PBXFileReference; fileEncoding = 4; lastKnownFileType = sourcecode.c.objc; path = DMImageView.m; sourceTree = "<group>"; };
		B8FF7CDA1D3DB81400E609EA /* DMLabel.h */ = {isa = PBXFileReference; fileEncoding = 4; lastKnownFileType = sourcecode.c.h; path = DMLabel.h; sourceTree = "<group>"; };
		B8FF7CDB1D3DB81400E609EA /* DMLabel.m */ = {isa = PBXFileReference; fileEncoding = 4; lastKnownFileType = sourcecode.c.objc; path = DMLabel.m; sourceTree = "<group>"; };
		B8FF7CDD1D3DB81B00E609EA /* DMSwitch.h */ = {isa = PBXFileReference; fileEncoding = 4; lastKnownFileType = sourcecode.c.h; path = DMSwitch.h; sourceTree = "<group>"; };
		B8FF7CDE1D3DB81B00E609EA /* DMSwitch.m */ = {isa = PBXFileReference; fileEncoding = 4; lastKnownFileType = sourcecode.c.objc; path = DMSwitch.m; sourceTree = "<group>"; };
		B8FF7CE01D3DB82200E609EA /* DMTextField.h */ = {isa = PBXFileReference; fileEncoding = 4; lastKnownFileType = sourcecode.c.h; path = DMTextField.h; sourceTree = "<group>"; };
		B8FF7CE11D3DB82200E609EA /* DMTextField.m */ = {isa = PBXFileReference; fileEncoding = 4; lastKnownFileType = sourcecode.c.objc; path = DMTextField.m; sourceTree = "<group>"; };
		B8FF7CE31D3DB82A00E609EA /* DMTextView.h */ = {isa = PBXFileReference; fileEncoding = 4; lastKnownFileType = sourcecode.c.h; path = DMTextView.h; sourceTree = "<group>"; };
		B8FF7CE41D3DB82A00E609EA /* DMTextView.m */ = {isa = PBXFileReference; fileEncoding = 4; lastKnownFileType = sourcecode.c.objc; path = DMTextView.m; sourceTree = "<group>"; };
		B8FF7CE71D3DB85000E609EA /* DMValidate.h */ = {isa = PBXFileReference; fileEncoding = 4; lastKnownFileType = sourcecode.c.h; path = DMValidate.h; sourceTree = "<group>"; };
		B8FF7CE81D3DB85000E609EA /* DMValidate.m */ = {isa = PBXFileReference; fileEncoding = 4; lastKnownFileType = sourcecode.c.objc; path = DMValidate.m; sourceTree = "<group>"; };
		B8FF7CEA1D3DBBA300E609EA /* BaseViewController.h */ = {isa = PBXFileReference; fileEncoding = 4; lastKnownFileType = sourcecode.c.h; path = BaseViewController.h; sourceTree = "<group>"; };
		B8FF7CEB1D3DBBA300E609EA /* BaseViewController.m */ = {isa = PBXFileReference; fileEncoding = 4; lastKnownFileType = sourcecode.c.objc; path = BaseViewController.m; sourceTree = "<group>"; };
		B8FF7CED1D3DBBBC00E609EA /* DesignerViewController.h */ = {isa = PBXFileReference; fileEncoding = 4; lastKnownFileType = sourcecode.c.h; path = DesignerViewController.h; sourceTree = "<group>"; };
		B8FF7CEE1D3DBBBC00E609EA /* DesignerViewController.m */ = {isa = PBXFileReference; fileEncoding = 4; lastKnownFileType = sourcecode.c.objc; path = DesignerViewController.m; sourceTree = "<group>"; };
		B8FF7CEF1D3DBBBC00E609EA /* DesignerViewController.xib */ = {isa = PBXFileReference; fileEncoding = 4; lastKnownFileType = file.xib; path = DesignerViewController.xib; sourceTree = "<group>"; };
		B8FF7CF21D3DBBD500E609EA /* ExhibitorViewController.h */ = {isa = PBXFileReference; fileEncoding = 4; lastKnownFileType = sourcecode.c.h; path = ExhibitorViewController.h; sourceTree = "<group>"; };
		B8FF7CF31D3DBBD500E609EA /* ExhibitorViewController.m */ = {isa = PBXFileReference; fileEncoding = 4; lastKnownFileType = sourcecode.c.objc; path = ExhibitorViewController.m; sourceTree = "<group>"; };
		B8FF7CF41D3DBBD500E609EA /* ExhibitorViewController.xib */ = {isa = PBXFileReference; fileEncoding = 4; lastKnownFileType = file.xib; path = ExhibitorViewController.xib; sourceTree = "<group>"; };
		B8FF7CF71D3DBBE400E609EA /* EditorViewController.h */ = {isa = PBXFileReference; fileEncoding = 4; lastKnownFileType = sourcecode.c.h; path = EditorViewController.h; sourceTree = "<group>"; };
		B8FF7CF81D3DBBE400E609EA /* EditorViewController.m */ = {isa = PBXFileReference; fileEncoding = 4; lastKnownFileType = sourcecode.c.objc; path = EditorViewController.m; sourceTree = "<group>"; };
		B8FF7CF91D3DBBE400E609EA /* EditorViewController.xib */ = {isa = PBXFileReference; fileEncoding = 4; lastKnownFileType = file.xib; path = EditorViewController.xib; sourceTree = "<group>"; };
		B8FF7CFD1D3DBC5F00E609EA /* respone.json */ = {isa = PBXFileReference; fileEncoding = 4; lastKnownFileType = text.json; path = respone.json; sourceTree = "<group>"; };
		B8FFEE631D3CDFC900CD6B53 /* LaunchScreen.storyboard */ = {isa = PBXFileReference; fileEncoding = 4; lastKnownFileType = file.storyboard; path = LaunchScreen.storyboard; sourceTree = "<group>"; };
/* End PBXFileReference section */

/* Begin PBXFrameworksBuildPhase section */
		B8451D641D3CA70D0059578F /* Frameworks */ = {
			isa = PBXFrameworksBuildPhase;
			buildActionMask = 2147483647;
			files = (
			);
			runOnlyForDeploymentPostprocessing = 0;
		};
/* End PBXFrameworksBuildPhase section */

/* Begin PBXGroup section */
		B8451D5E1D3CA70D0059578F = {
			isa = PBXGroup;
			children = (
				B8451D691D3CA70D0059578F /* DynamicForm */,
				B8451D681D3CA70D0059578F /* Products */,
			);
			sourceTree = "<group>";
		};
		B8451D681D3CA70D0059578F /* Products */ = {
			isa = PBXGroup;
			children = (
				B8451D671D3CA70D0059578F /* DynamicForm.app */,
			);
			name = Products;
			sourceTree = "<group>";
		};
		B8451D691D3CA70D0059578F /* DynamicForm */ = {
			isa = PBXGroup;
			children = (
				B8FF7CA71D3DB47900E609EA /* DynamicForm */,
				B8451D861D3CB1260059578F /* Base */,
				B8451D871D3CB1260059578F /* Controller */,
				B8FF7CFC1D3DBC4000E609EA /* Resource */,
				B8451D6D1D3CA70D0059578F /* AppDelegate.h */,
				B8451D6E1D3CA70D0059578F /* AppDelegate.m */,
				B8451D811D3CB0C40059578F /* RootViewController.h */,
				B8451D821D3CB0C40059578F /* RootViewController.m */,
				B8451D831D3CB0C40059578F /* RootViewController.xib */,
				B8451D761D3CA70D0059578F /* Assets.xcassets */,
				B8451D7B1D3CA70D0059578F /* Info.plist */,
				B8FFEE631D3CDFC900CD6B53 /* LaunchScreen.storyboard */,
				B8451D6A1D3CA70D0059578F /* Supporting Files */,
			);
			path = DynamicForm;
			sourceTree = "<group>";
		};
		B8451D6A1D3CA70D0059578F /* Supporting Files */ = {
			isa = PBXGroup;
			children = (
				B8451D6B1D3CA70D0059578F /* main.m */,
			);
			name = "Supporting Files";
			sourceTree = "<group>";
		};
		B8451D861D3CB1260059578F /* Base */ = {
			isa = PBXGroup;
			children = (
				B8FF7CEA1D3DBBA300E609EA /* BaseViewController.h */,
				B8FF7CEB1D3DBBA300E609EA /* BaseViewController.m */,
			);
			path = Base;
			sourceTree = "<group>";
		};
		B8451D871D3CB1260059578F /* Controller */ = {
			isa = PBXGroup;
			children = (
				B8FF7CED1D3DBBBC00E609EA /* DesignerViewController.h */,
				B8FF7CEE1D3DBBBC00E609EA /* DesignerViewController.m */,
				B8FF7CEF1D3DBBBC00E609EA /* DesignerViewController.xib */,
				B8FF7CF21D3DBBD500E609EA /* ExhibitorViewController.h */,
				B8FF7CF31D3DBBD500E609EA /* ExhibitorViewController.m */,
				B8FF7CF41D3DBBD500E609EA /* ExhibitorViewController.xib */,
				B8FF7CF71D3DBBE400E609EA /* EditorViewController.h */,
				B8FF7CF81D3DBBE400E609EA /* EditorViewController.m */,
				B8FF7CF91D3DBBE400E609EA /* EditorViewController.xib */,
			);
			path = Controller;
			sourceTree = "<group>";
		};
		B8FF7CA71D3DB47900E609EA /* DynamicForm */ = {
			isa = PBXGroup;
			children = (
				B8FF7CB91D3DB55200E609EA /* Views */,
				B8FF7CBD1D3DB58500E609EA /* Controls */,
				B8FF7CE61D3DB83E00E609EA /* Validate */,
				B8FF7CA81D3DB4D600E609EA /* Designer */,
				B8FF7CA91D3DB4D600E609EA /* Editor */,
				B8FF7CAA1D3DB4D600E609EA /* Exhibitor */,
				B8FF7CAB1D3DB4D600E609EA /* Manager */,
				B8FF7CAC1D3DB4D600E609EA /* Util */,
			);
			path = DynamicForm;
			sourceTree = "<group>";
		};
		B8FF7CA81D3DB4D600E609EA /* Designer */ = {
			isa = PBXGroup;
			children = (
				B8FF7CAD1D3DB4F300E609EA /* DMFormDesigner.h */,
				B8FF7CAE1D3DB4F300E609EA /* DMFormDesigner.m */,
			);
			path = Designer;
			sourceTree = "<group>";
		};
		B8FF7CA91D3DB4D600E609EA /* Editor */ = {
			isa = PBXGroup;
			children = (
				B8FF7CB31D3DB50E00E609EA /* DMFormEditor.h */,
				B8FF7CB41D3DB50E00E609EA /* DMFormEditor.m */,
			);
			path = Editor;
			sourceTree = "<group>";
		};
		B8FF7CAA1D3DB4D600E609EA /* Exhibitor */ = {
			isa = PBXGroup;
			children = (
				B8FF7CB01D3DB4FE00E609EA /* DMFormExhibitor.h */,
				B8FF7CB11D3DB4FE00E609EA /* DMFormExhibitor.m */,
			);
			path = Exhibitor;
			sourceTree = "<group>";
		};
		B8FF7CAB1D3DB4D600E609EA /* Manager */ = {
			isa = PBXGroup;
			children = (
				B8FF7CB61D3DB52400E609EA /* DMDataManager.h */,
				B8FF7CB71D3DB52400E609EA /* DMDataManager.m */,
			);
			path = Manager;
			sourceTree = "<group>";
		};
		B8FF7CAC1D3DB4D600E609EA /* Util */ = {
			isa = PBXGroup;
			children = (
			);
			path = Util;
			sourceTree = "<group>";
		};
		B8FF7CB91D3DB55200E609EA /* Views */ = {
			isa = PBXGroup;
			children = (
				B8FF7CBA1D3DB55F00E609EA /* DMColorPicker.h */,
				B8FF7CBB1D3DB55F00E609EA /* DMColorPicker.m */,
			);
			path = Views;
			sourceTree = "<group>";
		};
		B8FF7CBD1D3DB58500E609EA /* Controls */ = {
			isa = PBXGroup;
			children = (
				B8FF7CBF1D3DB6C100E609EA /* DMForm */,
				B8FF7CC51D3DB7A700E609EA /* DMBaseView */,
				B8FF7CC61D3DB7A700E609EA /* DMDatePicker */,
				B8FF7CC71D3DB7A700E609EA /* DMSlider */,
				B8FF7CBE1D3DB6C100E609EA /* DMButton */,
				B8FF7CC01D3DB6C100E609EA /* DMImageView */,
				B8FF7CC11D3DB6C100E609EA /* DMLabel */,
				B8FF7CC21D3DB6C100E609EA /* DMSwitch */,
				B8FF7CC31D3DB6C100E609EA /* DMTextField */,
				B8FF7CC41D3DB6C100E609EA /* DMTextView */,
			);
			path = Controls;
			sourceTree = "<group>";
		};
		B8FF7CBE1D3DB6C100E609EA /* DMButton */ = {
			isa = PBXGroup;
			children = (
				B8FF7CD11D3DB7D500E609EA /* DMButton.h */,
				B8FF7CD21D3DB7D500E609EA /* DMButton.m */,
			);
			path = DMButton;
			sourceTree = "<group>";
		};
		B8FF7CBF1D3DB6C100E609EA /* DMForm */ = {
			isa = PBXGroup;
			children = (
				B8FF7CD41D3DB7E000E609EA /* DMForm.h */,
				B8FF7CD51D3DB7E000E609EA /* DMForm.m */,
			);
			path = DMForm;
			sourceTree = "<group>";
		};
		B8FF7CC01D3DB6C100E609EA /* DMImageView */ = {
			isa = PBXGroup;
			children = (
				B8FF7CD71D3DB7E900E609EA /* DMImageView.h */,
				B8FF7CD81D3DB7E900E609EA /* DMImageView.m */,
			);
			path = DMImageView;
			sourceTree = "<group>";
		};
		B8FF7CC11D3DB6C100E609EA /* DMLabel */ = {
			isa = PBXGroup;
			children = (
				B8FF7CDA1D3DB81400E609EA /* DMLabel.h */,
				B8FF7CDB1D3DB81400E609EA /* DMLabel.m */,
			);
			path = DMLabel;
			sourceTree = "<group>";
		};
		B8FF7CC21D3DB6C100E609EA /* DMSwitch */ = {
			isa = PBXGroup;
			children = (
				B8FF7CDD1D3DB81B00E609EA /* DMSwitch.h */,
				B8FF7CDE1D3DB81B00E609EA /* DMSwitch.m */,
			);
			path = DMSwitch;
			sourceTree = "<group>";
		};
		B8FF7CC31D3DB6C100E609EA /* DMTextField */ = {
			isa = PBXGroup;
			children = (
				B8FF7CE01D3DB82200E609EA /* DMTextField.h */,
				B8FF7CE11D3DB82200E609EA /* DMTextField.m */,
			);
			path = DMTextField;
			sourceTree = "<group>";
		};
		B8FF7CC41D3DB6C100E609EA /* DMTextView */ = {
			isa = PBXGroup;
			children = (
				B8FF7CE31D3DB82A00E609EA /* DMTextView.h */,
				B8FF7CE41D3DB82A00E609EA /* DMTextView.m */,
			);
			path = DMTextView;
			sourceTree = "<group>";
		};
		B8FF7CC51D3DB7A700E609EA /* DMBaseView */ = {
			isa = PBXGroup;
			children = (
				B8FF7CC81D3DB7B400E609EA /* DMBaseView.h */,
				B8FF7CC91D3DB7B400E609EA /* DMBaseView.m */,
			);
			path = DMBaseView;
			sourceTree = "<group>";
		};
		B8FF7CC61D3DB7A700E609EA /* DMDatePicker */ = {
			isa = PBXGroup;
			children = (
				B8FF7CCB1D3DB7C100E609EA /* DMDatePicker.h */,
				B8FF7CCC1D3DB7C100E609EA /* DMDatePicker.m */,
			);
			path = DMDatePicker;
			sourceTree = "<group>";
		};
		B8FF7CC71D3DB7A700E609EA /* DMSlider */ = {
			isa = PBXGroup;
			children = (
				B8FF7CCE1D3DB7CD00E609EA /* DMSlider.h */,
				B8FF7CCF1D3DB7CD00E609EA /* DMSlider.m */,
			);
			path = DMSlider;
			sourceTree = "<group>";
		};
		B8FF7CE61D3DB83E00E609EA /* Validate */ = {
			isa = PBXGroup;
			children = (
				B8FF7CE71D3DB85000E609EA /* DMValidate.h */,
				B8FF7CE81D3DB85000E609EA /* DMValidate.m */,
			);
			path = Validate;
			sourceTree = "<group>";
		};
		B8FF7CFC1D3DBC4000E609EA /* Resource */ = {
			isa = PBXGroup;
			children = (
				B8FF7CFD1D3DBC5F00E609EA /* respone.json */,
			);
			path = Resource;
			sourceTree = "<group>";
		};
/* End PBXGroup section */

/* Begin PBXNativeTarget section */
		B8451D661D3CA70D0059578F /* DynamicForm */ = {
			isa = PBXNativeTarget;
			buildConfigurationList = B8451D7E1D3CA70D0059578F /* Build configuration list for PBXNativeTarget "DynamicForm" */;
			buildPhases = (
				B8451D631D3CA70D0059578F /* Sources */,
				B8451D641D3CA70D0059578F /* Frameworks */,
				B8451D651D3CA70D0059578F /* Resources */,
			);
			buildRules = (
			);
			dependencies = (
			);
			name = DynamicForm;
			productName = DynamicForm;
			productReference = B8451D671D3CA70D0059578F /* DynamicForm.app */;
			productType = "com.apple.product-type.application";
		};
/* End PBXNativeTarget section */

/* Begin PBXProject section */
		B8451D5F1D3CA70D0059578F /* Project object */ = {
			isa = PBXProject;
			attributes = {
				LastUpgradeCheck = 0730;
				ORGANIZATIONNAME = www.skyfox.org;
				TargetAttributes = {
					B8451D661D3CA70D0059578F = {
						CreatedOnToolsVersion = 7.3;
					};
				};
			};
			buildConfigurationList = B8451D621D3CA70D0059578F /* Build configuration list for PBXProject "DynamicForm" */;
			compatibilityVersion = "Xcode 3.2";
			developmentRegion = English;
			hasScannedForEncodings = 0;
			knownRegions = (
				en,
				Base,
			);
			mainGroup = B8451D5E1D3CA70D0059578F;
			productRefGroup = B8451D681D3CA70D0059578F /* Products */;
			projectDirPath = "";
			projectRoot = "";
			targets = (
				B8451D661D3CA70D0059578F /* DynamicForm */,
			);
		};
/* End PBXProject section */

/* Begin PBXResourcesBuildPhase section */
		B8451D651D3CA70D0059578F /* Resources */ = {
			isa = PBXResourcesBuildPhase;
			buildActionMask = 2147483647;
			files = (
				B8FFEE641D3CDFC900CD6B53 /* LaunchScreen.storyboard in Resources */,
				B8FF7CFE1D3DBC5F00E609EA /* respone.json in Resources */,
				B8451D771D3CA70D0059578F /* Assets.xcassets in Resources */,
				B8451D851D3CB0C40059578F /* RootViewController.xib in Resources */,
				B8FF7CFB1D3DBBE400E609EA /* EditorViewController.xib in Resources */,
				B8FF7CF61D3DBBD500E609EA /* ExhibitorViewController.xib in Resources */,
				B8FF7CF11D3DBBBC00E609EA /* DesignerViewController.xib in Resources */,
			);
			runOnlyForDeploymentPostprocessing = 0;
		};
/* End PBXResourcesBuildPhase section */

/* Begin PBXSourcesBuildPhase section */
		B8451D631D3CA70D0059578F /* Sources */ = {
			isa = PBXSourcesBuildPhase;
			buildActionMask = 2147483647;
			files = (
				B8FF7CDC1D3DB81400E609EA /* DMLabel.m in Sources */,
				B8FF7CFA1D3DBBE400E609EA /* EditorViewController.m in Sources */,
				B8FF7CEC1D3DBBA300E609EA /* BaseViewController.m in Sources */,
				B8FF7CBC1D3DB55F00E609EA /* DMColorPicker.m in Sources */,
				B8451D6F1D3CA70D0059578F /* AppDelegate.m in Sources */,
				B8FF7CCD1D3DB7C100E609EA /* DMDatePicker.m in Sources */,
				B8FF7CD61D3DB7E000E609EA /* DMForm.m in Sources */,
				B8FF7CAF1D3DB4F300E609EA /* DMFormDesigner.m in Sources */,
				B8FF7CB21D3DB4FE00E609EA /* DMFormExhibitor.m in Sources */,
				B8FF7CE91D3DB85000E609EA /* DMValidate.m in Sources */,
				B8FF7CB51D3DB50E00E609EA /* DMFormEditor.m in Sources */,
				B8FF7CDF1D3DB81B00E609EA /* DMSwitch.m in Sources */,
				B8FF7CD91D3DB7E900E609EA /* DMImageView.m in Sources */,
				B8FF7CE51D3DB82A00E609EA /* DMTextView.m in Sources */,
				B8FF7CD31D3DB7D500E609EA /* DMButton.m in Sources */,
				B8FF7CD01D3DB7CD00E609EA /* DMSlider.m in Sources */,
				B8FF7CF51D3DBBD500E609EA /* ExhibitorViewController.m in Sources */,
				B8FF7CE21D3DB82200E609EA /* DMTextField.m in Sources */,
				B8FF7CCA1D3DB7B400E609EA /* DMBaseView.m in Sources */,
				B8451D6C1D3CA70D0059578F /* main.m in Sources */,
				B8FF7CF01D3DBBBC00E609EA /* DesignerViewController.m in Sources */,
				B8451D841D3CB0C40059578F /* RootViewController.m in Sources */,
				B8FF7CB81D3DB52400E609EA /* DMDataManager.m in Sources */,
			);
			runOnlyForDeploymentPostprocessing = 0;
		};
/* End PBXSourcesBuildPhase section */

/* Begin XCBuildConfiguration section */
		B8451D7C1D3CA70D0059578F /* Debug */ = {
			isa = XCBuildConfiguration;
			buildSettings = {
				ALWAYS_SEARCH_USER_PATHS = NO;
				CLANG_ANALYZER_NONNULL = YES;
				CLANG_CXX_LANGUAGE_STANDARD = "gnu++0x";
				CLANG_CXX_LIBRARY = "libc++";
				CLANG_ENABLE_MODULES = YES;
				CLANG_ENABLE_OBJC_ARC = YES;
				CLANG_WARN_BOOL_CONVERSION = YES;
				CLANG_WARN_CONSTANT_CONVERSION = YES;
				CLANG_WARN_DIRECT_OBJC_ISA_USAGE = YES_ERROR;
				CLANG_WARN_EMPTY_BODY = YES;
				CLANG_WARN_ENUM_CONVERSION = YES;
				CLANG_WARN_INT_CONVERSION = YES;
				CLANG_WARN_OBJC_ROOT_CLASS = YES_ERROR;
				CLANG_WARN_UNREACHABLE_CODE = YES;
				CLANG_WARN__DUPLICATE_METHOD_MATCH = YES;
				"CODE_SIGN_IDENTITY[sdk=iphoneos*]" = "iPhone Developer";
				COPY_PHASE_STRIP = NO;
				DEBUG_INFORMATION_FORMAT = dwarf;
				ENABLE_STRICT_OBJC_MSGSEND = YES;
				ENABLE_TESTABILITY = YES;
				GCC_C_LANGUAGE_STANDARD = gnu99;
				GCC_DYNAMIC_NO_PIC = NO;
				GCC_NO_COMMON_BLOCKS = YES;
				GCC_OPTIMIZATION_LEVEL = 0;
				GCC_PREPROCESSOR_DEFINITIONS = (
					"DEBUG=1",
					"$(inherited)",
				);
				GCC_WARN_64_TO_32_BIT_CONVERSION = YES;
				GCC_WARN_ABOUT_RETURN_TYPE = YES_ERROR;
				GCC_WARN_UNDECLARED_SELECTOR = YES;
				GCC_WARN_UNINITIALIZED_AUTOS = YES_AGGRESSIVE;
				GCC_WARN_UNUSED_FUNCTION = YES;
				GCC_WARN_UNUSED_VARIABLE = YES;
				IPHONEOS_DEPLOYMENT_TARGET = 9.3;
				MTL_ENABLE_DEBUG_INFO = YES;
				ONLY_ACTIVE_ARCH = YES;
				SDKROOT = iphoneos;
				TARGETED_DEVICE_FAMILY = 2;
			};
			name = Debug;
		};
		B8451D7D1D3CA70D0059578F /* Release */ = {
			isa = XCBuildConfiguration;
			buildSettings = {
				ALWAYS_SEARCH_USER_PATHS = NO;
				CLANG_ANALYZER_NONNULL = YES;
				CLANG_CXX_LANGUAGE_STANDARD = "gnu++0x";
				CLANG_CXX_LIBRARY = "libc++";
				CLANG_ENABLE_MODULES = YES;
				CLANG_ENABLE_OBJC_ARC = YES;
				CLANG_WARN_BOOL_CONVERSION = YES;
				CLANG_WARN_CONSTANT_CONVERSION = YES;
				CLANG_WARN_DIRECT_OBJC_ISA_USAGE = YES_ERROR;
				CLANG_WARN_EMPTY_BODY = YES;
				CLANG_WARN_ENUM_CONVERSION = YES;
				CLANG_WARN_INT_CONVERSION = YES;
				CLANG_WARN_OBJC_ROOT_CLASS = YES_ERROR;
				CLANG_WARN_UNREACHABLE_CODE = YES;
				CLANG_WARN__DUPLICATE_METHOD_MATCH = YES;
				"CODE_SIGN_IDENTITY[sdk=iphoneos*]" = "iPhone Developer";
				COPY_PHASE_STRIP = NO;
				DEBUG_INFORMATION_FORMAT = "dwarf-with-dsym";
				ENABLE_NS_ASSERTIONS = NO;
				ENABLE_STRICT_OBJC_MSGSEND = YES;
				GCC_C_LANGUAGE_STANDARD = gnu99;
				GCC_NO_COMMON_BLOCKS = YES;
				GCC_WARN_64_TO_32_BIT_CONVERSION = YES;
				GCC_WARN_ABOUT_RETURN_TYPE = YES_ERROR;
				GCC_WARN_UNDECLARED_SELECTOR = YES;
				GCC_WARN_UNINITIALIZED_AUTOS = YES_AGGRESSIVE;
				GCC_WARN_UNUSED_FUNCTION = YES;
				GCC_WARN_UNUSED_VARIABLE = YES;
				IPHONEOS_DEPLOYMENT_TARGET = 9.3;
				MTL_ENABLE_DEBUG_INFO = NO;
				SDKROOT = iphoneos;
				TARGETED_DEVICE_FAMILY = 2;
				VALIDATE_PRODUCT = YES;
			};
			name = Release;
		};
		B8451D7F1D3CA70D0059578F /* Debug */ = {
			isa = XCBuildConfiguration;
			buildSettings = {
				ASSETCATALOG_COMPILER_APPICON_NAME = AppIcon;
				INFOPLIST_FILE = DynamicForm/Info.plist;
				LD_RUNPATH_SEARCH_PATHS = "$(inherited) @executable_path/Frameworks";
				PRODUCT_BUNDLE_IDENTIFIER = org.skyfox.DynamicForm;
				PRODUCT_NAME = "$(TARGET_NAME)";
			};
			name = Debug;
		};
		B8451D801D3CA70D0059578F /* Release */ = {
			isa = XCBuildConfiguration;
			buildSettings = {
				ASSETCATALOG_COMPILER_APPICON_NAME = AppIcon;
				INFOPLIST_FILE = DynamicForm/Info.plist;
				LD_RUNPATH_SEARCH_PATHS = "$(inherited) @executable_path/Frameworks";
				PRODUCT_BUNDLE_IDENTIFIER = org.skyfox.DynamicForm;
				PRODUCT_NAME = "$(TARGET_NAME)";
			};
			name = Release;
		};
/* End XCBuildConfiguration section */

/* Begin XCConfigurationList section */
		B8451D621D3CA70D0059578F /* Build configuration list for PBXProject "DynamicForm" */ = {
			isa = XCConfigurationList;
			buildConfigurations = (
				B8451D7C1D3CA70D0059578F /* Debug */,
				B8451D7D1D3CA70D0059578F /* Release */,
			);
			defaultConfigurationIsVisible = 0;
			defaultConfigurationName = Release;
		};
		B8451D7E1D3CA70D0059578F /* Build configuration list for PBXNativeTarget "DynamicForm" */ = {
			isa = XCConfigurationList;
			buildConfigurations = (
				B8451D7F1D3CA70D0059578F /* Debug */,
				B8451D801D3CA70D0059578F /* Release */,
			);
			defaultConfigurationIsVisible = 0;
			defaultConfigurationName = Release;
		};
/* End XCConfigurationList section */
	};
	rootObject = B8451D5F1D3CA70D0059578F /* Project object */;
}
